// !$*UTF8*$!
{
	archiveVersion = 1;
	classes = {
	};
	objectVersion = 77;
	objects = {

/* Begin PBXBuildFile section */
		BCE0406776FE2C20F164666E /* xcodecloudLiveActivityWidget.appex in Embed App Extensions */ = {isa = PBXBuildFile; fileRef = F0F2A6B70A6C900A5C4F586C /* xcodecloudLiveActivityWidget.appex */; platformFilter = ios; settings = {ATTRIBUTES = (CodeSignOnCopy, RemoveHeadersOnCopy, ); }; };
/* End PBXBuildFile section */

/* Begin PBXContainerItemProxy section */
		37FD2A1D89A9536C8D120AA9 /* PBXContainerItemProxy */ = {
			isa = PBXContainerItemProxy;
			containerPortal = 9D53BB6C2F3DCCAD000A47BF /* Project object */;
			proxyType = 1;
			remoteGlobalIDString = 12CAFC53D3EEEC78C18EF628;
			remoteInfo = xcodecloudLiveActivityWidget;
		};
		9D53BB842F3DCCAE000A47BF /* PBXContainerItemProxy */ = {
			isa = PBXContainerItemProxy;
			containerPortal = 9D53BB6C2F3DCCAD000A47BF /* Project object */;
			proxyType = 1;
			remoteGlobalIDString = 9D53BB732F3DCCAD000A47BF;
			remoteInfo = xcodecloud;
		};
		9D53BB8E2F3DCCAE000A47BF /* PBXContainerItemProxy */ = {
			isa = PBXContainerItemProxy;
			containerPortal = 9D53BB6C2F3DCCAD000A47BF /* Project object */;
			proxyType = 1;
			remoteGlobalIDString = 9D53BB732F3DCCAD000A47BF;
			remoteInfo = xcodecloud;
		};
/* End PBXContainerItemProxy section */

/* Begin PBXCopyFilesBuildPhase section */
		8B6C6B0C6D48706FA84E6D5D /* Embed App Extensions */ = {
			isa = PBXCopyFilesBuildPhase;
			buildActionMask = 2147483647;
			dstPath = "";
			dstSubfolderSpec = 13;
			files = (
				BCE0406776FE2C20F164666E /* xcodecloudLiveActivityWidget.appex in Embed App Extensions */,
			);
			name = "Embed App Extensions";
			runOnlyForDeploymentPostprocessing = 0;
		};
/* End PBXCopyFilesBuildPhase section */

/* Begin PBXFileReference section */
		9D53BB742F3DCCAD000A47BF /* xcodecloud.app */ = {isa = PBXFileReference; explicitFileType = wrapper.application; includeInIndex = 0; path = xcodecloud.app; sourceTree = BUILT_PRODUCTS_DIR; };
		9D53BB832F3DCCAE000A47BF /* xcodecloudTests.xctest */ = {isa = PBXFileReference; explicitFileType = wrapper.cfbundle; includeInIndex = 0; path = xcodecloudTests.xctest; sourceTree = BUILT_PRODUCTS_DIR; };
		9D53BB8D2F3DCCAE000A47BF /* xcodecloudUITests.xctest */ = {isa = PBXFileReference; explicitFileType = wrapper.cfbundle; includeInIndex = 0; path = xcodecloudUITests.xctest; sourceTree = BUILT_PRODUCTS_DIR; };
		F0F2A6B70A6C900A5C4F586C /* xcodecloudLiveActivityWidget.appex */ = {isa = PBXFileReference; explicitFileType = "wrapper.app-extension"; includeInIndex = 0; path = xcodecloudLiveActivityWidget.appex; sourceTree = BUILT_PRODUCTS_DIR; };
/* End PBXFileReference section */

/* Begin PBXFileSystemSynchronizedBuildFileExceptionSet section */
		9D53BE232F3E6230000A47BF /* Exceptions for "xcodecloudLiveActivityWidget" folder in "xcodecloudLiveActivityWidget" target */ = {
			isa = PBXFileSystemSynchronizedBuildFileExceptionSet;
			membershipExceptions = (
				Info.plist,
			);
			target = 12CAFC53D3EEEC78C18EF628 /* xcodecloudLiveActivityWidget */;
		};
/* End PBXFileSystemSynchronizedBuildFileExceptionSet section */

/* Begin PBXFileSystemSynchronizedRootGroup section */
		9D53BB762F3DCCAD000A47BF /* xcodecloud */ = {
			isa = PBXFileSystemSynchronizedRootGroup;
			path = xcodecloud;
			sourceTree = "<group>";
		};
		9D53BB862F3DCCAE000A47BF /* xcodecloudTests */ = {
			isa = PBXFileSystemSynchronizedRootGroup;
			path = xcodecloudTests;
			sourceTree = "<group>";
		};
		9D53BB902F3DCCAE000A47BF /* xcodecloudUITests */ = {
			isa = PBXFileSystemSynchronizedRootGroup;
			path = xcodecloudUITests;
			sourceTree = "<group>";
		};
		9D53BE1F2F3E6230000A47BF /* xcodecloudLiveActivityWidget */ = {
			isa = PBXFileSystemSynchronizedRootGroup;
			exceptions = (
				9D53BE232F3E6230000A47BF /* Exceptions for "xcodecloudLiveActivityWidget" folder in "xcodecloudLiveActivityWidget" target */,
			);
			path = xcodecloudLiveActivityWidget;
			sourceTree = "<group>";
		};
/* End PBXFileSystemSynchronizedRootGroup section */

/* Begin PBXFrameworksBuildPhase section */
		9D53BB712F3DCCAD000A47BF /* Frameworks */ = {
			isa = PBXFrameworksBuildPhase;
			buildActionMask = 2147483647;
			files = (
			);
			runOnlyForDeploymentPostprocessing = 0;
		};
		9D53BB802F3DCCAE000A47BF /* Frameworks */ = {
			isa = PBXFrameworksBuildPhase;
			buildActionMask = 2147483647;
			files = (
			);
			runOnlyForDeploymentPostprocessing = 0;
		};
		9D53BB8A2F3DCCAE000A47BF /* Frameworks */ = {
			isa = PBXFrameworksBuildPhase;
			buildActionMask = 2147483647;
			files = (
			);
			runOnlyForDeploymentPostprocessing = 0;
		};
		AE47335B4206AF1DBD84E60A /* Frameworks */ = {
			isa = PBXFrameworksBuildPhase;
			buildActionMask = 2147483647;
			files = (
			);
			runOnlyForDeploymentPostprocessing = 0;
		};
/* End PBXFrameworksBuildPhase section */

/* Begin PBXGroup section */
		9D53BB6B2F3DCCAD000A47BF = {
			isa = PBXGroup;
			children = (
				9D53BB762F3DCCAD000A47BF /* xcodecloud */,
				9D53BB862F3DCCAE000A47BF /* xcodecloudTests */,
				9D53BB902F3DCCAE000A47BF /* xcodecloudUITests */,
				9D53BB752F3DCCAD000A47BF /* Products */,
				9D53BE1F2F3E6230000A47BF /* xcodecloudLiveActivityWidget */,
			);
			sourceTree = "<group>";
		};
		9D53BB752F3DCCAD000A47BF /* Products */ = {
			isa = PBXGroup;
			children = (
				9D53BB742F3DCCAD000A47BF /* xcodecloud.app */,
				9D53BB832F3DCCAE000A47BF /* xcodecloudTests.xctest */,
				9D53BB8D2F3DCCAE000A47BF /* xcodecloudUITests.xctest */,
				F0F2A6B70A6C900A5C4F586C /* xcodecloudLiveActivityWidget.appex */,
			);
			name = Products;
			sourceTree = "<group>";
		};
/* End PBXGroup section */

/* Begin PBXNativeTarget section */
		12CAFC53D3EEEC78C18EF628 /* xcodecloudLiveActivityWidget */ = {
			isa = PBXNativeTarget;
			buildConfigurationList = BFC3DB653FFF1F4A7AF76265 /* Build configuration list for PBXNativeTarget "xcodecloudLiveActivityWidget" */;
			buildPhases = (
				7F15359B056A327F7D469168 /* Sources */,
				AE47335B4206AF1DBD84E60A /* Frameworks */,
				68E679D3905F0062AA82DBCA /* Resources */,
			);
			buildRules = (
			);
			dependencies = (
			);
			fileSystemSynchronizedGroups = (
				9D53BE1F2F3E6230000A47BF /* xcodecloudLiveActivityWidget */,
			);
			name = xcodecloudLiveActivityWidget;
			productName = xcodecloudLiveActivityWidget;
			productReference = F0F2A6B70A6C900A5C4F586C /* xcodecloudLiveActivityWidget.appex */;
			productType = "com.apple.product-type.app-extension";
		};
		9D53BB732F3DCCAD000A47BF /* xcodecloud */ = {
			isa = PBXNativeTarget;
			buildConfigurationList = 9D53BB972F3DCCAE000A47BF /* Build configuration list for PBXNativeTarget "xcodecloud" */;
			buildPhases = (
				9D53BB702F3DCCAD000A47BF /* Sources */,
				9D53BB712F3DCCAD000A47BF /* Frameworks */,
				9D53BB722F3DCCAD000A47BF /* Resources */,
				8B6C6B0C6D48706FA84E6D5D /* Embed App Extensions */,
			);
			buildRules = (
			);
			dependencies = (
				5F61E41E6ED376C5E1A07B30 /* PBXTargetDependency */,
			);
			fileSystemSynchronizedGroups = (
				9D53BB762F3DCCAD000A47BF /* xcodecloud */,
			);
			name = xcodecloud;
			productName = xcodecloud;
			productReference = 9D53BB742F3DCCAD000A47BF /* xcodecloud.app */;
			productType = "com.apple.product-type.application";
		};
		9D53BB822F3DCCAE000A47BF /* xcodecloudTests */ = {
			isa = PBXNativeTarget;
			buildConfigurationList = 9D53BB9A2F3DCCAE000A47BF /* Build configuration list for PBXNativeTarget "xcodecloudTests" */;
			buildPhases = (
				9D53BB7F2F3DCCAE000A47BF /* Sources */,
				9D53BB802F3DCCAE000A47BF /* Frameworks */,
				9D53BB812F3DCCAE000A47BF /* Resources */,
			);
			buildRules = (
			);
			dependencies = (
				9D53BB852F3DCCAE000A47BF /* PBXTargetDependency */,
			);
			fileSystemSynchronizedGroups = (
				9D53BB862F3DCCAE000A47BF /* xcodecloudTests */,
			);
			name = xcodecloudTests;
			productName = xcodecloudTests;
			productReference = 9D53BB832F3DCCAE000A47BF /* xcodecloudTests.xctest */;
			productType = "com.apple.product-type.bundle.unit-test";
		};
		9D53BB8C2F3DCCAE000A47BF /* xcodecloudUITests */ = {
			isa = PBXNativeTarget;
			buildConfigurationList = 9D53BB9D2F3DCCAE000A47BF /* Build configuration list for PBXNativeTarget "xcodecloudUITests" */;
			buildPhases = (
				9D53BB892F3DCCAE000A47BF /* Sources */,
				9D53BB8A2F3DCCAE000A47BF /* Frameworks */,
				9D53BB8B2F3DCCAE000A47BF /* Resources */,
			);
			buildRules = (
			);
			dependencies = (
				9D53BB8F2F3DCCAE000A47BF /* PBXTargetDependency */,
			);
			fileSystemSynchronizedGroups = (
				9D53BB902F3DCCAE000A47BF /* xcodecloudUITests */,
			);
			name = xcodecloudUITests;
			productName = xcodecloudUITests;
			productReference = 9D53BB8D2F3DCCAE000A47BF /* xcodecloudUITests.xctest */;
			productType = "com.apple.product-type.bundle.ui-testing";
		};
/* End PBXNativeTarget section */

/* Begin PBXProject section */
		9D53BB6C2F3DCCAD000A47BF /* Project object */ = {
			isa = PBXProject;
			attributes = {
				BuildIndependentTargetsInParallel = 1;
				LastSwiftUpdateCheck = 2620;
				LastUpgradeCheck = 2620;
				TargetAttributes = {
					9D53BB732F3DCCAD000A47BF = {
						CreatedOnToolsVersion = 26.2;
					};
					9D53BB822F3DCCAE000A47BF = {
						CreatedOnToolsVersion = 26.2;
						TestTargetID = 9D53BB732F3DCCAD000A47BF;
					};
					9D53BB8C2F3DCCAE000A47BF = {
						CreatedOnToolsVersion = 26.2;
						TestTargetID = 9D53BB732F3DCCAD000A47BF;
					};
				};
			};
			buildConfigurationList = 9D53BB6F2F3DCCAD000A47BF /* Build configuration list for PBXProject "xcodecloud" */;
			developmentRegion = en;
			hasScannedForEncodings = 0;
			knownRegions = (
				en,
				Base,
			);
			mainGroup = 9D53BB6B2F3DCCAD000A47BF;
			minimizedProjectReferenceProxies = 1;
			preferredProjectObjectVersion = 77;
			productRefGroup = 9D53BB752F3DCCAD000A47BF /* Products */;
			projectDirPath = "";
			projectRoot = "";
			targets = (
				9D53BB732F3DCCAD000A47BF /* xcodecloud */,
				9D53BB822F3DCCAE000A47BF /* xcodecloudTests */,
				9D53BB8C2F3DCCAE000A47BF /* xcodecloudUITests */,
				12CAFC53D3EEEC78C18EF628 /* xcodecloudLiveActivityWidget */,
			);
		};
/* End PBXProject section */

/* Begin PBXResourcesBuildPhase section */
		68E679D3905F0062AA82DBCA /* Resources */ = {
			isa = PBXResourcesBuildPhase;
			buildActionMask = 2147483647;
			files = (
			);
			runOnlyForDeploymentPostprocessing = 0;
		};
		9D53BB722F3DCCAD000A47BF /* Resources */ = {
			isa = PBXResourcesBuildPhase;
			buildActionMask = 2147483647;
			files = (
			);
			runOnlyForDeploymentPostprocessing = 0;
		};
		9D53BB812F3DCCAE000A47BF /* Resources */ = {
			isa = PBXResourcesBuildPhase;
			buildActionMask = 2147483647;
			files = (
			);
			runOnlyForDeploymentPostprocessing = 0;
		};
		9D53BB8B2F3DCCAE000A47BF /* Resources */ = {
			isa = PBXResourcesBuildPhase;
			buildActionMask = 2147483647;
			files = (
			);
			runOnlyForDeploymentPostprocessing = 0;
		};
/* End PBXResourcesBuildPhase section */

/* Begin PBXSourcesBuildPhase section */
		7F15359B056A327F7D469168 /* Sources */ = {
			isa = PBXSourcesBuildPhase;
			buildActionMask = 2147483647;
			files = (
			);
			runOnlyForDeploymentPostprocessing = 0;
		};
		9D53BB702F3DCCAD000A47BF /* Sources */ = {
			isa = PBXSourcesBuildPhase;
			buildActionMask = 2147483647;
			files = (
			);
			runOnlyForDeploymentPostprocessing = 0;
		};
		9D53BB7F2F3DCCAE000A47BF /* Sources */ = {
			isa = PBXSourcesBuildPhase;
			buildActionMask = 2147483647;
			files = (
			);
			runOnlyForDeploymentPostprocessing = 0;
		};
		9D53BB892F3DCCAE000A47BF /* Sources */ = {
			isa = PBXSourcesBuildPhase;
			buildActionMask = 2147483647;
			files = (
			);
			runOnlyForDeploymentPostprocessing = 0;
		};
/* End PBXSourcesBuildPhase section */

/* Begin PBXTargetDependency section */
		5F61E41E6ED376C5E1A07B30 /* PBXTargetDependency */ = {
			isa = PBXTargetDependency;
			name = xcodecloudLiveActivityWidget;
			target = 12CAFC53D3EEEC78C18EF628 /* xcodecloudLiveActivityWidget */;
			targetProxy = 37FD2A1D89A9536C8D120AA9 /* PBXContainerItemProxy */;
		};
		9D53BB852F3DCCAE000A47BF /* PBXTargetDependency */ = {
			isa = PBXTargetDependency;
			target = 9D53BB732F3DCCAD000A47BF /* xcodecloud */;
			targetProxy = 9D53BB842F3DCCAE000A47BF /* PBXContainerItemProxy */;
		};
		9D53BB8F2F3DCCAE000A47BF /* PBXTargetDependency */ = {
			isa = PBXTargetDependency;
			target = 9D53BB732F3DCCAD000A47BF /* xcodecloud */;
			targetProxy = 9D53BB8E2F3DCCAE000A47BF /* PBXContainerItemProxy */;
		};
/* End PBXTargetDependency section */

/* Begin XCBuildConfiguration section */
		185675C72395801EBBA963B4 /* Release */ = {
			isa = XCBuildConfiguration;
			buildSettings = {
				APPLICATION_EXTENSION_API_ONLY = YES;
				CLANG_ENABLE_OBJC_WEAK = NO;
				CODE_SIGN_STYLE = Automatic;
				CURRENT_PROJECT_VERSION = 1;
				DEVELOPMENT_TEAM = EA5MF9LCWZ;
				GENERATE_INFOPLIST_FILE = NO;
				INFOPLIST_FILE = xcodecloudLiveActivityWidget/Info.plist;
				IPHONEOS_DEPLOYMENT_TARGET = 26.0;
				LD_RUNPATH_SEARCH_PATHS = (
					"$(inherited)",
					"@executable_path/Frameworks",
					"@executable_path/../../Frameworks",
				);
				MARKETING_VERSION = 1.0;
				PRODUCT_BUNDLE_IDENTIFIER = ios.dinsen.xcodecloud.liveactivitywidget;
				PRODUCT_NAME = "$(TARGET_NAME)";
				SDKROOT = iphoneos;
				SKIP_INSTALL = YES;
				SUPPORTED_PLATFORMS = "iphoneos iphonesimulator";
				SWIFT_EMIT_LOC_STRINGS = NO;
				SWIFT_VERSION = 5.0;
				TARGETED_DEVICE_FAMILY = "1,2";
				VALIDATE_PRODUCT = YES;
			};
			name = Release;
		};
		542A6BB5E5E4C15E7E87E996 /* Debug */ = {
			isa = XCBuildConfiguration;
			buildSettings = {
				APPLICATION_EXTENSION_API_ONLY = YES;
				CLANG_ENABLE_OBJC_WEAK = NO;
				CODE_SIGN_STYLE = Automatic;
				CURRENT_PROJECT_VERSION = 1;
				DEVELOPMENT_TEAM = EA5MF9LCWZ;
				GENERATE_INFOPLIST_FILE = NO;
				INFOPLIST_FILE = xcodecloudLiveActivityWidget/Info.plist;
				IPHONEOS_DEPLOYMENT_TARGET = 26.0;
				LD_RUNPATH_SEARCH_PATHS = (
					"$(inherited)",
					"@executable_path/Frameworks",
					"@executable_path/../../Frameworks",
				);
				MARKETING_VERSION = 1.0;
				PRODUCT_BUNDLE_IDENTIFIER = ios.dinsen.xcodecloud.liveactivitywidget;
				PRODUCT_NAME = "$(TARGET_NAME)";
				SDKROOT = iphoneos;
				SKIP_INSTALL = YES;
				SUPPORTED_PLATFORMS = "iphoneos iphonesimulator";
				SWIFT_EMIT_LOC_STRINGS = NO;
				SWIFT_VERSION = 5.0;
				TARGETED_DEVICE_FAMILY = "1,2";
			};
			name = Debug;
		};
		9D53BB952F3DCCAE000A47BF /* Debug */ = {
			isa = XCBuildConfiguration;
			buildSettings = {
				ALWAYS_SEARCH_USER_PATHS = NO;
				ASSETCATALOG_COMPILER_GENERATE_SWIFT_ASSET_SYMBOL_EXTENSIONS = YES;
				CLANG_ANALYZER_NONNULL = YES;
				CLANG_ANALYZER_NUMBER_OBJECT_CONVERSION = YES_AGGRESSIVE;
				CLANG_CXX_LANGUAGE_STANDARD = "gnu++20";
				CLANG_ENABLE_MODULES = YES;
				CLANG_ENABLE_OBJC_ARC = YES;
				CLANG_ENABLE_OBJC_WEAK = YES;
				CLANG_WARN_BLOCK_CAPTURE_AUTORELEASING = YES;
				CLANG_WARN_BOOL_CONVERSION = YES;
				CLANG_WARN_COMMA = YES;
				CLANG_WARN_CONSTANT_CONVERSION = YES;
				CLANG_WARN_DEPRECATED_OBJC_IMPLEMENTATIONS = YES;
				CLANG_WARN_DIRECT_OBJC_ISA_USAGE = YES_ERROR;
				CLANG_WARN_DOCUMENTATION_COMMENTS = YES;
				CLANG_WARN_EMPTY_BODY = YES;
				CLANG_WARN_ENUM_CONVERSION = YES;
				CLANG_WARN_INFINITE_RECURSION = YES;
				CLANG_WARN_INT_CONVERSION = YES;
				CLANG_WARN_NON_LITERAL_NULL_CONVERSION = YES;
				CLANG_WARN_OBJC_IMPLICIT_RETAIN_SELF = YES;
				CLANG_WARN_OBJC_LITERAL_CONVERSION = YES;
				CLANG_WARN_OBJC_ROOT_CLASS = YES_ERROR;
				CLANG_WARN_QUOTED_INCLUDE_IN_FRAMEWORK_HEADER = YES;
				CLANG_WARN_RANGE_LOOP_ANALYSIS = YES;
				CLANG_WARN_STRICT_PROTOTYPES = YES;
				CLANG_WARN_SUSPICIOUS_MOVE = YES;
				CLANG_WARN_UNGUARDED_AVAILABILITY = YES_AGGRESSIVE;
				CLANG_WARN_UNREACHABLE_CODE = YES;
				CLANG_WARN__DUPLICATE_METHOD_MATCH = YES;
				COPY_PHASE_STRIP = NO;
				DEBUG_INFORMATION_FORMAT = dwarf;
				DEVELOPMENT_TEAM = EA5MF9LCWZ;
				ENABLE_STRICT_OBJC_MSGSEND = YES;
				ENABLE_TESTABILITY = YES;
				ENABLE_USER_SCRIPT_SANDBOXING = YES;
				GCC_C_LANGUAGE_STANDARD = gnu17;
				GCC_DYNAMIC_NO_PIC = NO;
				GCC_NO_COMMON_BLOCKS = YES;
				GCC_OPTIMIZATION_LEVEL = 0;
				GCC_PREPROCESSOR_DEFINITIONS = (
					"DEBUG=1",
					"$(inherited)",
				);
				GCC_WARN_64_TO_32_BIT_CONVERSION = YES;
				GCC_WARN_ABOUT_RETURN_TYPE = YES_ERROR;
				GCC_WARN_UNDECLARED_SELECTOR = YES;
				GCC_WARN_UNINITIALIZED_AUTOS = YES_AGGRESSIVE;
				GCC_WARN_UNUSED_FUNCTION = YES;
				GCC_WARN_UNUSED_VARIABLE = YES;
				LOCALIZATION_PREFERS_STRING_CATALOGS = YES;
				MTL_ENABLE_DEBUG_INFO = INCLUDE_SOURCE;
				MTL_FAST_MATH = YES;
				ONLY_ACTIVE_ARCH = YES;
				SWIFT_ACTIVE_COMPILATION_CONDITIONS = "DEBUG $(inherited)";
				SWIFT_OPTIMIZATION_LEVEL = "-Onone";
			};
			name = Debug;
		};
		9D53BB962F3DCCAE000A47BF /* Release */ = {
			isa = XCBuildConfiguration;
			buildSettings = {
				ALWAYS_SEARCH_USER_PATHS = NO;
				ASSETCATALOG_COMPILER_GENERATE_SWIFT_ASSET_SYMBOL_EXTENSIONS = YES;
				CLANG_ANALYZER_NONNULL = YES;
				CLANG_ANALYZER_NUMBER_OBJECT_CONVERSION = YES_AGGRESSIVE;
				CLANG_CXX_LANGUAGE_STANDARD = "gnu++20";
				CLANG_ENABLE_MODULES = YES;
				CLANG_ENABLE_OBJC_ARC = YES;
				CLANG_ENABLE_OBJC_WEAK = YES;
				CLANG_WARN_BLOCK_CAPTURE_AUTORELEASING = YES;
				CLANG_WARN_BOOL_CONVERSION = YES;
				CLANG_WARN_COMMA = YES;
				CLANG_WARN_CONSTANT_CONVERSION = YES;
				CLANG_WARN_DEPRECATED_OBJC_IMPLEMENTATIONS = YES;
				CLANG_WARN_DIRECT_OBJC_ISA_USAGE = YES_ERROR;
				CLANG_WARN_DOCUMENTATION_COMMENTS = YES;
				CLANG_WARN_EMPTY_BODY = YES;
				CLANG_WARN_ENUM_CONVERSION = YES;
				CLANG_WARN_INFINITE_RECURSION = YES;
				CLANG_WARN_INT_CONVERSION = YES;
				CLANG_WARN_NON_LITERAL_NULL_CONVERSION = YES;
				CLANG_WARN_OBJC_IMPLICIT_RETAIN_SELF = YES;
				CLANG_WARN_OBJC_LITERAL_CONVERSION = YES;
				CLANG_WARN_OBJC_ROOT_CLASS = YES_ERROR;
				CLANG_WARN_QUOTED_INCLUDE_IN_FRAMEWORK_HEADER = YES;
				CLANG_WARN_RANGE_LOOP_ANALYSIS = YES;
				CLANG_WARN_STRICT_PROTOTYPES = YES;
				CLANG_WARN_SUSPICIOUS_MOVE = YES;
				CLANG_WARN_UNGUARDED_AVAILABILITY = YES_AGGRESSIVE;
				CLANG_WARN_UNREACHABLE_CODE = YES;
				CLANG_WARN__DUPLICATE_METHOD_MATCH = YES;
				COPY_PHASE_STRIP = NO;
				DEBUG_INFORMATION_FORMAT = "dwarf-with-dsym";
				DEVELOPMENT_TEAM = EA5MF9LCWZ;
				ENABLE_NS_ASSERTIONS = NO;
				ENABLE_STRICT_OBJC_MSGSEND = YES;
				ENABLE_USER_SCRIPT_SANDBOXING = YES;
				GCC_C_LANGUAGE_STANDARD = gnu17;
				GCC_NO_COMMON_BLOCKS = YES;
				GCC_WARN_64_TO_32_BIT_CONVERSION = YES;
				GCC_WARN_ABOUT_RETURN_TYPE = YES_ERROR;
				GCC_WARN_UNDECLARED_SELECTOR = YES;
				GCC_WARN_UNINITIALIZED_AUTOS = YES_AGGRESSIVE;
				GCC_WARN_UNUSED_FUNCTION = YES;
				GCC_WARN_UNUSED_VARIABLE = YES;
				LOCALIZATION_PREFERS_STRING_CATALOGS = YES;
				MTL_ENABLE_DEBUG_INFO = NO;
				MTL_FAST_MATH = YES;
				SWIFT_COMPILATION_MODE = wholemodule;
			};
			name = Release;
		};
		9D53BB982F3DCCAE000A47BF /* Debug */ = {
			isa = XCBuildConfiguration;
			buildSettings = {
				ASSETCATALOG_COMPILER_APPICON_NAME = AppIcon;
				ASSETCATALOG_COMPILER_GLOBAL_ACCENT_COLOR_NAME = AccentColor;
				CODE_SIGN_STYLE = Automatic;
				CURRENT_PROJECT_VERSION = 1;
				DEVELOPMENT_TEAM = EA5MF9LCWZ;
				"ENABLE_APP_SANDBOX[sdk=macosx*]" = YES;
				"ENABLE_HARDENED_RUNTIME[sdk=macosx*]" = YES;
				"ENABLE_OUTGOING_NETWORK_CONNECTIONS[sdk=macosx*]" = YES;
				ENABLE_PREVIEWS = YES;
				"ENABLE_USER_SELECTED_FILES[sdk=macosx*]" = readonly;
				GENERATE_INFOPLIST_FILE = YES;
				INFOPLIST_KEY_ITSAppUsesNonExemptEncryption = NO;
				"INFOPLIST_KEY_LSApplicationCategoryType[sdk=macosx*]" = "public.app-category.developer-tools";
				"INFOPLIST_KEY_NSSupportsLiveActivities[sdk=iphoneos*]" = YES;
				"INFOPLIST_KEY_NSSupportsLiveActivities[sdk=iphonesimulator*]" = YES;
				"INFOPLIST_KEY_UIApplicationSceneManifest_Generation[sdk=iphoneos*]" = YES;
				"INFOPLIST_KEY_UIApplicationSceneManifest_Generation[sdk=iphonesimulator*]" = YES;
				"INFOPLIST_KEY_UIApplicationSupportsIndirectInputEvents[sdk=iphoneos*]" = YES;
				"INFOPLIST_KEY_UIApplicationSupportsIndirectInputEvents[sdk=iphonesimulator*]" = YES;
				"INFOPLIST_KEY_UILaunchScreen_Generation[sdk=iphoneos*]" = YES;
				"INFOPLIST_KEY_UILaunchScreen_Generation[sdk=iphonesimulator*]" = YES;
				"INFOPLIST_KEY_UIStatusBarStyle[sdk=iphoneos*]" = UIStatusBarStyleDefault;
				"INFOPLIST_KEY_UIStatusBarStyle[sdk=iphonesimulator*]" = UIStatusBarStyleDefault;
				INFOPLIST_KEY_UISupportedInterfaceOrientations_iPad = "UIInterfaceOrientationPortrait UIInterfaceOrientationPortraitUpsideDown UIInterfaceOrientationLandscapeLeft UIInterfaceOrientationLandscapeRight";
				INFOPLIST_KEY_UISupportedInterfaceOrientations_iPhone = "UIInterfaceOrientationPortrait UIInterfaceOrientationLandscapeLeft UIInterfaceOrientationLandscapeRight";
				IPHONEOS_DEPLOYMENT_TARGET = 26.0;
				LD_RUNPATH_SEARCH_PATHS = "@executable_path/Frameworks";
				"LD_RUNPATH_SEARCH_PATHS[sdk=macosx*]" = "@executable_path/../Frameworks";
				MACOSX_DEPLOYMENT_TARGET = 26.0;
				MARKETING_VERSION = 1.0;
				PRODUCT_BUNDLE_IDENTIFIER = ios.dinsen.xcodecloud;
				PRODUCT_NAME = "$(TARGET_NAME)";
				REGISTER_APP_GROUPS = YES;
				SDKROOT = auto;
				STRING_CATALOG_GENERATE_SYMBOLS = YES;
				SUPPORTED_PLATFORMS = "iphoneos iphonesimulator macosx";
				SUPPORTS_MACCATALYST = NO;
				SWIFT_APPROACHABLE_CONCURRENCY = YES;
				SWIFT_DEFAULT_ACTOR_ISOLATION = MainActor;
				SWIFT_EMIT_LOC_STRINGS = YES;
				SWIFT_UPCOMING_FEATURE_MEMBER_IMPORT_VISIBILITY = YES;
				SWIFT_VERSION = 5.0;
				TARGETED_DEVICE_FAMILY = "1,2";
				XROS_DEPLOYMENT_TARGET = 26.2;
			};
			name = Debug;
		};
		9D53BB992F3DCCAE000A47BF /* Release */ = {
			isa = XCBuildConfiguration;
			buildSettings = {
				ASSETCATALOG_COMPILER_APPICON_NAME = AppIcon;
				ASSETCATALOG_COMPILER_GLOBAL_ACCENT_COLOR_NAME = AccentColor;
				CODE_SIGN_STYLE = Automatic;
				CURRENT_PROJECT_VERSION = 1;
				DEVELOPMENT_TEAM = EA5MF9LCWZ;
				"ENABLE_APP_SANDBOX[sdk=macosx*]" = YES;
				"ENABLE_HARDENED_RUNTIME[sdk=macosx*]" = YES;
				"ENABLE_OUTGOING_NETWORK_CONNECTIONS[sdk=macosx*]" = YES;
				ENABLE_PREVIEWS = YES;
				"ENABLE_USER_SELECTED_FILES[sdk=macosx*]" = readonly;
				GENERATE_INFOPLIST_FILE = YES;
				INFOPLIST_KEY_ITSAppUsesNonExemptEncryption = NO;
				"INFOPLIST_KEY_LSApplicationCategoryType[sdk=macosx*]" = "public.app-category.developer-tools";
				"INFOPLIST_KEY_NSSupportsLiveActivities[sdk=iphoneos*]" = YES;
				"INFOPLIST_KEY_NSSupportsLiveActivities[sdk=iphonesimulator*]" = YES;
				"INFOPLIST_KEY_UIApplicationSceneManifest_Generation[sdk=iphoneos*]" = YES;
				"INFOPLIST_KEY_UIApplicationSceneManifest_Generation[sdk=iphonesimulator*]" = YES;
				"INFOPLIST_KEY_UIApplicationSupportsIndirectInputEvents[sdk=iphoneos*]" = YES;
				"INFOPLIST_KEY_UIApplicationSupportsIndirectInputEvents[sdk=iphonesimulator*]" = YES;
				"INFOPLIST_KEY_UILaunchScreen_Generation[sdk=iphoneos*]" = YES;
				"INFOPLIST_KEY_UILaunchScreen_Generation[sdk=iphonesimulator*]" = YES;
				"INFOPLIST_KEY_UIStatusBarStyle[sdk=iphoneos*]" = UIStatusBarStyleDefault;
				"INFOPLIST_KEY_UIStatusBarStyle[sdk=iphonesimulator*]" = UIStatusBarStyleDefault;
				INFOPLIST_KEY_UISupportedInterfaceOrientations_iPad = "UIInterfaceOrientationPortrait UIInterfaceOrientationPortraitUpsideDown UIInterfaceOrientationLandscapeLeft UIInterfaceOrientationLandscapeRight";
				INFOPLIST_KEY_UISupportedInterfaceOrientations_iPhone = "UIInterfaceOrientationPortrait UIInterfaceOrientationLandscapeLeft UIInterfaceOrientationLandscapeRight";
				IPHONEOS_DEPLOYMENT_TARGET = 26.0;
				LD_RUNPATH_SEARCH_PATHS = "@executable_path/Frameworks";
				"LD_RUNPATH_SEARCH_PATHS[sdk=macosx*]" = "@executable_path/../Frameworks";
				MACOSX_DEPLOYMENT_TARGET = 26.0;
				MARKETING_VERSION = 1.0;
				PRODUCT_BUNDLE_IDENTIFIER = ios.dinsen.xcodecloud;
				PRODUCT_NAME = "$(TARGET_NAME)";
				REGISTER_APP_GROUPS = YES;
				SDKROOT = auto;
				STRING_CATALOG_GENERATE_SYMBOLS = YES;
				SUPPORTED_PLATFORMS = "iphoneos iphonesimulator macosx";
				SUPPORTS_MACCATALYST = NO;
				SWIFT_APPROACHABLE_CONCURRENCY = YES;
				SWIFT_DEFAULT_ACTOR_ISOLATION = MainActor;
				SWIFT_EMIT_LOC_STRINGS = YES;
				SWIFT_UPCOMING_FEATURE_MEMBER_IMPORT_VISIBILITY = YES;
				SWIFT_VERSION = 5.0;
				TARGETED_DEVICE_FAMILY = "1,2";
				XROS_DEPLOYMENT_TARGET = 26.2;
			};
			name = Release;
		};
		9D53BB9B2F3DCCAE000A47BF /* Debug */ = {
			isa = XCBuildConfiguration;
			buildSettings = {
				BUNDLE_LOADER = "$(TEST_HOST)";
				CODE_SIGN_STYLE = Automatic;
				CURRENT_PROJECT_VERSION = 1;
				DEVELOPMENT_TEAM = EA5MF9LCWZ;
				GENERATE_INFOPLIST_FILE = YES;
				IPHONEOS_DEPLOYMENT_TARGET = 26.2;
				MACOSX_DEPLOYMENT_TARGET = 26.2;
				MARKETING_VERSION = 1.0;
				PRODUCT_BUNDLE_IDENTIFIER = ios.dinsen.xcodecloudTests;
				PRODUCT_NAME = "$(TARGET_NAME)";
				SDKROOT = auto;
				STRING_CATALOG_GENERATE_SYMBOLS = NO;
				SUPPORTED_PLATFORMS = "iphoneos iphonesimulator macosx xros xrsimulator";
				SWIFT_APPROACHABLE_CONCURRENCY = YES;
				SWIFT_EMIT_LOC_STRINGS = NO;
				SWIFT_UPCOMING_FEATURE_MEMBER_IMPORT_VISIBILITY = YES;
				SWIFT_VERSION = 5.0;
				TARGETED_DEVICE_FAMILY = "1,2,7";
				TEST_HOST = "$(BUILT_PRODUCTS_DIR)/xcodecloud.app/$(BUNDLE_EXECUTABLE_FOLDER_PATH)/xcodecloud";
				XROS_DEPLOYMENT_TARGET = 26.2;
			};
			name = Debug;
		};
		9D53BB9C2F3DCCAE000A47BF /* Release */ = {
			isa = XCBuildConfiguration;
			buildSettings = {
				BUNDLE_LOADER = "$(TEST_HOST)";
				CODE_SIGN_STYLE = Automatic;
				CURRENT_PROJECT_VERSION = 1;
				DEVELOPMENT_TEAM = EA5MF9LCWZ;
				GENERATE_INFOPLIST_FILE = YES;
				IPHONEOS_DEPLOYMENT_TARGET = 26.2;
				MACOSX_DEPLOYMENT_TARGET = 26.2;
				MARKETING_VERSION = 1.0;
				PRODUCT_BUNDLE_IDENTIFIER = ios.dinsen.xcodecloudTests;
				PRODUCT_NAME = "$(TARGET_NAME)";
				SDKROOT = auto;
				STRING_CATALOG_GENERATE_SYMBOLS = NO;
				SUPPORTED_PLATFORMS = "iphoneos iphonesimulator macosx xros xrsimulator";
				SWIFT_APPROACHABLE_CONCURRENCY = YES;
				SWIFT_EMIT_LOC_STRINGS = NO;
				SWIFT_UPCOMING_FEATURE_MEMBER_IMPORT_VISIBILITY = YES;
				SWIFT_VERSION = 5.0;
				TARGETED_DEVICE_FAMILY = "1,2,7";
				TEST_HOST = "$(BUILT_PRODUCTS_DIR)/xcodecloud.app/$(BUNDLE_EXECUTABLE_FOLDER_PATH)/xcodecloud";
				XROS_DEPLOYMENT_TARGET = 26.2;
			};
			name = Release;
		};
		9D53BB9E2F3DCCAE000A47BF /* Debug */ = {
			isa = XCBuildConfiguration;
			buildSettings = {
				CODE_SIGN_STYLE = Automatic;
				CURRENT_PROJECT_VERSION = 1;
				DEVELOPMENT_TEAM = EA5MF9LCWZ;
				GENERATE_INFOPLIST_FILE = YES;
				IPHONEOS_DEPLOYMENT_TARGET = 26.2;
				MACOSX_DEPLOYMENT_TARGET = 26.2;
				MARKETING_VERSION = 1.0;
				PRODUCT_BUNDLE_IDENTIFIER = ios.dinsen.xcodecloudUITests;
				PRODUCT_NAME = "$(TARGET_NAME)";
				SDKROOT = auto;
				STRING_CATALOG_GENERATE_SYMBOLS = NO;
				SUPPORTED_PLATFORMS = "iphoneos iphonesimulator macosx xros xrsimulator";
				SWIFT_APPROACHABLE_CONCURRENCY = YES;
				SWIFT_EMIT_LOC_STRINGS = NO;
				SWIFT_UPCOMING_FEATURE_MEMBER_IMPORT_VISIBILITY = YES;
				SWIFT_VERSION = 5.0;
				TARGETED_DEVICE_FAMILY = "1,2,7";
				TEST_TARGET_NAME = xcodecloud;
				XROS_DEPLOYMENT_TARGET = 26.2;
			};
			name = Debug;
		};
		9D53BB9F2F3DCCAE000A47BF /* Release */ = {
			isa = XCBuildConfiguration;
			buildSettings = {
				CODE_SIGN_STYLE = Automatic;
				CURRENT_PROJECT_VERSION = 1;
				DEVELOPMENT_TEAM = EA5MF9LCWZ;
				GENERATE_INFOPLIST_FILE = YES;
				IPHONEOS_DEPLOYMENT_TARGET = 26.2;
				MACOSX_DEPLOYMENT_TARGET = 26.2;
				MARKETING_VERSION = 1.0;
				PRODUCT_BUNDLE_IDENTIFIER = ios.dinsen.xcodecloudUITests;
				PRODUCT_NAME = "$(TARGET_NAME)";
				SDKROOT = auto;
				STRING_CATALOG_GENERATE_SYMBOLS = NO;
				SUPPORTED_PLATFORMS = "iphoneos iphonesimulator macosx xros xrsimulator";
				SWIFT_APPROACHABLE_CONCURRENCY = YES;
				SWIFT_EMIT_LOC_STRINGS = NO;
				SWIFT_UPCOMING_FEATURE_MEMBER_IMPORT_VISIBILITY = YES;
				SWIFT_VERSION = 5.0;
				TARGETED_DEVICE_FAMILY = "1,2,7";
				TEST_TARGET_NAME = xcodecloud;
				XROS_DEPLOYMENT_TARGET = 26.2;
			};
			name = Release;
		};
/* End XCBuildConfiguration section */

/* Begin XCConfigurationList section */
		9D53BB6F2F3DCCAD000A47BF /* Build configuration list for PBXProject "xcodecloud" */ = {
			isa = XCConfigurationList;
			buildConfigurations = (
				9D53BB952F3DCCAE000A47BF /* Debug */,
				9D53BB962F3DCCAE000A47BF /* Release */,
			);
			defaultConfigurationIsVisible = 0;
			defaultConfigurationName = Release;
		};
		9D53BB972F3DCCAE000A47BF /* Build configuration list for PBXNativeTarget "xcodecloud" */ = {
			isa = XCConfigurationList;
			buildConfigurations = (
				9D53BB982F3DCCAE000A47BF /* Debug */,
				9D53BB992F3DCCAE000A47BF /* Release */,
			);
			defaultConfigurationIsVisible = 0;
			defaultConfigurationName = Release;
		};
		9D53BB9A2F3DCCAE000A47BF /* Build configuration list for PBXNativeTarget "xcodecloudTests" */ = {
			isa = XCConfigurationList;
			buildConfigurations = (
				9D53BB9B2F3DCCAE000A47BF /* Debug */,
				9D53BB9C2F3DCCAE000A47BF /* Release */,
			);
			defaultConfigurationIsVisible = 0;
			defaultConfigurationName = Release;
		};
		9D53BB9D2F3DCCAE000A47BF /* Build configuration list for PBXNativeTarget "xcodecloudUITests" */ = {
			isa = XCConfigurationList;
			buildConfigurations = (
				9D53BB9E2F3DCCAE000A47BF /* Debug */,
				9D53BB9F2F3DCCAE000A47BF /* Release */,
			);
			defaultConfigurationIsVisible = 0;
			defaultConfigurationName = Release;
		};
		BFC3DB653FFF1F4A7AF76265 /* Build configuration list for PBXNativeTarget "xcodecloudLiveActivityWidget" */ = {
			isa = XCConfigurationList;
			buildConfigurations = (
				185675C72395801EBBA963B4 /* Release */,
				542A6BB5E5E4C15E7E87E996 /* Debug */,
			);
			defaultConfigurationIsVisible = 0;
			defaultConfigurationName = Release;
		};
/* End XCConfigurationList section */
	};
	rootObject = 9D53BB6C2F3DCCAD000A47BF /* Project object */;
}
